{
  "version": 4,
  "terraform_version": "1.15.8",
  "serial": 14,
  "lineage": "924fd7a7-5012-2673-1c1c-b2dc0b93c70b",
  "outputs": {
    "org_id": {
      "value": "o-lnperltmr5",
      "type": "string"
    },
    "org_root_id": {
      "value": "r-465t",
      "type": "string"
    },
    "state_bucket_id": {
      "value": "tf-state-o-lnperltmr5-t0cj7u",
      "type": "string"
    }
  },
  "resources": [
    {
      "mode": "managed",
      "type": "aws_organizations_organization",
      "name": "org",
      "provider": "provider[\"registry.terraform.io/hashicorp/aws\"]",
      "instances": [
        {
          "schema_version": 0,
          "attributes": {
            "accounts": [
              {
                "arn": "arn:aws:organizations::248369845621:account/o-lnperltmr5/248369845621",
                "email": "jaime.andarn@gmail.com",
                "id": "248369845621",
                "name": "jndrs",
                "status": "ACTIVE"
              }
            ],
            "arn": "arn:aws:organizations::248369845621:organization/o-lnperltmr5",
            "aws_service_access_principals": [
              "cloudtrail.amazonaws.com",
              "config.amazonaws.com",
              "guardduty.amazonaws.com"
            ],
            "enabled_policy_types": [],
            "feature_set": "ALL",
            "id": "o-lnperltmr5",
            "master_account_arn": "arn:aws:organizations::248369845621:account/o-lnperltmr5/248369845621",
            "master_account_email": "jaime.andarn@gmail.com",
            "master_account_id": "248369845621",
            "non_master_accounts": [],
            "roots": [
              {
                "arn": "arn:aws:organizations::248369845621:root/o-lnperltmr5/r-465t",
                "id": "r-465t",
                "name": "Root",
                "policy_types": []
              }
            ]
          },
          "sensitive_attributes": [],
          "identity_schema_version": 0,
          "private": "bnVsbA=="
        }
      ]
    },
    {
      "mode": "managed",
      "type": "aws_s3_bucket",
      "name": "state",
      "provider": "provider[\"registry.terraform.io/hashicorp/aws\"]",
      "instances": [
        {
          "schema_version": 0,
          "attributes": {
            "acceleration_status": "",
            "acl": null,
            "arn": "arn:aws:s3:::tf-state-o-lnperltmr5-t0cj7u",
            "bucket": "tf-state-o-lnperltmr5-t0cj7u",
            "bucket_domain_name": "tf-state-o-lnperltmr5-t0cj7u.s3.amazonaws.com",
            "bucket_prefix": "",
            "bucket_regional_domain_name": "tf-state-o-lnperltmr5-t0cj7u.s3.amazonaws.com",
            "cors_rule": [],
            "force_destroy": false,
            "grant": [
              {
                "id": "55f5422525219b27a5c151649cbbf7c74f9e897c253aadbbc82954c23fface9c",
                "permissions": [
                  "FULL_CONTROL"
                ],
                "type": "CanonicalUser",
                "uri": ""
              }
            ],
            "hosted_zone_id": "Z3AQBSTGFYJSTF",
            "id": "tf-state-o-lnperltmr5-t0cj7u",
            "lifecycle_rule": [],
            "logging": [],
            "object_lock_configuration": [],
            "object_lock_enabled": false,
            "policy": "",
            "region": "us-east-1",
            "replication_configuration": [],
            "request_payer": "BucketOwner",
            "server_side_encryption_configuration": [
              {
                "rule": [
                  {
                    "apply_server_side_encryption_by_default": [
                      {
                        "kms_master_key_id": "",
                        "sse_algorithm": "AES256"
                      }
                    ],
                    "bucket_key_enabled": false
                  }
                ]
              }
            ],
            "tags": {},
            "tags_all": {},
            "timeouts": null,
            "versioning": [
              {
                "enabled": true,
                "mfa_delete": false
              }
            ],
            "website": [],
            "website_domain": null,
            "website_endpoint": null
          },
          "sensitive_attributes": [],
          "identity_schema_version": 0,
          "private": "eyJlMmJmYjczMC1lY2FhLTExZTYtOGY4OC0zNDM2M2JjN2M0YzAiOnsiY3JlYXRlIjoxMjAwMDAwMDAwMDAwLCJkZWxldGUiOjM2MDAwMDAwMDAwMDAsInJlYWQiOjEyMDAwMDAwMDAwMDAsInVwZGF0ZSI6MTIwMDAwMDAwMDAwMH19",
          "dependencies": [
            "aws_organizations_organization.org",
            "random_string.bucket_suffix"
          ]
        }
      ]
    },
    {
      "mode": "managed",
      "type": "aws_s3_bucket_public_access_block",
      "name": "state",
      "provider": "provider[\"registry.terraform.io/hashicorp/aws\"]",
      "instances": [
        {
          "schema_version": 0,
          "attributes": {
            "block_public_acls": true,
            "block_public_policy": true,
            "bucket": "tf-state-o-lnperltmr5-t0cj7u",
            "id": "tf-state-o-lnperltmr5-t0cj7u",
            "ignore_public_acls": true,
            "restrict_public_buckets": true
          },
          "sensitive_attributes": [],
          "identity_schema_version": 0,
          "private": "bnVsbA==",
          "dependencies": [
            "aws_organizations_organization.org",
            "aws_s3_bucket.state",
            "random_string.bucket_suffix"
          ]
        }
      ]
    },
    {
      "mode": "managed",
      "type": "aws_s3_bucket_server_side_encryption_configuration",
      "name": "state",
      "provider": "provider[\"registry.terraform.io/hashicorp/aws\"]",
      "instances": [
        {
          "schema_version": 0,
          "attributes": {
            "bucket": "tf-state-o-lnperltmr5-t0cj7u",
            "expected_bucket_owner": "",
            "id": "tf-state-o-lnperltmr5-t0cj7u",
            "rule": [
              {
                "apply_server_side_encryption_by_default": [
                  {
                    "kms_master_key_id": "",
                    "sse_algorithm": "AES256"
                  }
                ],
                "bucket_key_enabled": false
              }
            ]
          },
          "sensitive_attributes": [],
          "identity_schema_version": 0,
          "private": "bnVsbA==",
          "dependencies": [
            "aws_organizations_organization.org",
            "aws_s3_bucket.state",
            "random_string.bucket_suffix"
          ]
        }
      ]
    },
    {
      "mode": "managed",
      "type": "aws_s3_bucket_versioning",
      "name": "state",
      "provider": "provider[\"registry.terraform.io/hashicorp/aws\"]",
      "instances": [
        {
          "schema_version": 0,
          "attributes": {
            "bucket": "tf-state-o-lnperltmr5-t0cj7u",
            "expected_bucket_owner": "",
            "id": "tf-state-o-lnperltmr5-t0cj7u",
            "mfa": null,
            "versioning_configuration": [
              {
                "mfa_delete": "",
                "status": "Enabled"
              }
            ]
          },
          "sensitive_attributes": [],
          "identity_schema_version": 0,
          "private": "bnVsbA==",
          "dependencies": [
            "aws_organizations_organization.org",
            "aws_s3_bucket.state",
            "random_string.bucket_suffix"
          ]
        }
      ]
    },
    {
      "mode": "managed",
      "type": "random_string",
      "name": "bucket_suffix",
      "provider": "provider[\"registry.terraform.io/hashicorp/random\"]",
      "instances": [
        {
          "schema_version": 2,
          "attributes": {
            "id": "t0cj7u",
            "keepers": null,
            "length": 6,
            "lower": true,
            "min_lower": 0,
            "min_numeric": 0,
            "min_special": 0,
            "min_upper": 0,
            "number": true,
            "numeric": true,
            "override_special": null,
            "result": "t0cj7u",
            "special": false,
            "upper": false
          },
          "sensitive_attributes": [],
          "identity_schema_version": 0
        }
      ]
    }
  ],
  "check_results": null
}
